// !$*UTF8*$!
{
	archiveVersion = 1;
	classes = {
	};
	objectVersion = 50;
	objects = {

/* Begin PBXBuildFile section */
		D66C9B5126838F150084741A /* AppDelegate.m in Sources */ = {isa = PBXBuildFile; fileRef = D66C9B5026838F150084741A /* AppDelegate.m */; };
		D66C9B5426838F150084741A /* SceneDelegate.m in Sources */ = {isa = PBXBuildFile; fileRef = D66C9B5326838F150084741A /* SceneDelegate.m */; };
		D66C9B5726838F150084741A /* ViewController.m in Sources */ = {isa = PBXBuildFile; fileRef = D66C9B5626838F150084741A /* ViewController.m */; };
		D66C9B5A26838F150084741A /* Main.storyboard in Resources */ = {isa = PBXBuildFile; fileRef = D66C9B5826838F150084741A /* Main.storyboard */; };
		D66C9B5C26838F160084741A /* Assets.xcassets in Resources */ = {isa = PBXBuildFile; fileRef = D66C9B5B26838F160084741A /* Assets.xcassets */; };
		D66C9B5F26838F160084741A /* LaunchScreen.storyboard in Resources */ = {isa = PBXBuildFile; fileRef = D66C9B5D26838F160084741A /* LaunchScreen.storyboard */; };
		D66C9B6226838F160084741A /* main.m in Sources */ = {isa = PBXBuildFile; fileRef = D66C9B6126838F160084741A /* main.m */; };
		D66C9B6C26838F170084741A /* FlixTests.m in Sources */ = {isa = PBXBuildFile; fileRef = D66C9B6B26838F170084741A /* FlixTests.m */; };
		D66C9B7726838F170084741A /* FlixUITests.m in Sources */ = {isa = PBXBuildFile; fileRef = D66C9B7626838F170084741A /* FlixUITests.m */; };
/* End PBXBuildFile section */

/* Begin PBXContainerItemProxy section */
		D66C9B6826838F170084741A /* PBXContainerItemProxy */ = {
			isa = PBXContainerItemProxy;
			containerPortal = D66C9B4426838F150084741A /* Project object */;
			proxyType = 1;
			remoteGlobalIDString = D66C9B4B26838F150084741A;
			remoteInfo = Flix;
		};
		D66C9B7326838F170084741A /* PBXContainerItemProxy */ = {
			isa = PBXContainerItemProxy;
			containerPortal = D66C9B4426838F150084741A /* Project object */;
			proxyType = 1;
			remoteGlobalIDString = D66C9B4B26838F150084741A;
			remoteInfo = Flix;
		};
/* End PBXContainerItemProxy section */

/* Begin PBXFileReference section */
		D66C9B4C26838F150084741A /* Flix.app */ = {isa = PBXFileReference; explicitFileType = wrapper.application; includeInIndex = 0; path = Flix.app; sourceTree = BUILT_PRODUCTS_DIR; };
		D66C9B4F26838F150084741A /* AppDelegate.h */ = {isa = PBXFileReference; lastKnownFileType = sourcecode.c.h; path = AppDelegate.h; sourceTree = "<group>"; };
		D66C9B5026838F150084741A /* AppDelegate.m */ = {isa = PBXFileReference; lastKnownFileType = sourcecode.c.objc; path = AppDelegate.m; sourceTree = "<group>"; };
		D66C9B5226838F150084741A /* SceneDelegate.h */ = {isa = PBXFileReference; lastKnownFileType = sourcecode.c.h; path = SceneDelegate.h; sourceTree = "<group>"; };
		D66C9B5326838F150084741A /* SceneDelegate.m */ = {isa = PBXFileReference; lastKnownFileType = sourcecode.c.objc; path = SceneDelegate.m; sourceTree = "<group>"; };
		D66C9B5526838F150084741A /* ViewController.h */ = {isa = PBXFileReference; lastKnownFileType = sourcecode.c.h; path = ViewController.h; sourceTree = "<group>"; };
		D66C9B5626838F150084741A /* ViewController.m */ = {isa = PBXFileReference; lastKnownFileType = sourcecode.c.objc; path = ViewController.m; sourceTree = "<group>"; };
		D66C9B5926838F150084741A /* Base */ = {isa = PBXFileReference; lastKnownFileType = file.storyboard; name = Base; path = Base.lproj/Main.storyboard; sourceTree = "<group>"; };
		D66C9B5B26838F160084741A /* Assets.xcassets */ = {isa = PBXFileReference; lastKnownFileType = folder.assetcatalog; path = Assets.xcassets; sourceTree = "<group>"; };
		D66C9B5E26838F160084741A /* Base */ = {isa = PBXFileReference; lastKnownFileType = file.storyboard; name = Base; path = Base.lproj/LaunchScreen.storyboard; sourceTree = "<group>"; };
		D66C9B6026838F160084741A /* Info.plist */ = {isa = PBXFileReference; lastKnownFileType = text.plist.xml; path = Info.plist; sourceTree = "<group>"; };
		D66C9B6126838F160084741A /* main.m */ = {isa = PBXFileReference; lastKnownFileType = sourcecode.c.objc; path = main.m; sourceTree = "<group>"; };
		D66C9B6726838F170084741A /* FlixTests.xctest */ = {isa = PBXFileReference; explicitFileType = wrapper.cfbundle; includeInIndex = 0; path = FlixTests.xctest; sourceTree = BUILT_PRODUCTS_DIR; };
		D66C9B6B26838F170084741A /* FlixTests.m */ = {isa = PBXFileReference; lastKnownFileType = sourcecode.c.objc; path = FlixTests.m; sourceTree = "<group>"; };
		D66C9B6D26838F170084741A /* Info.plist */ = {isa = PBXFileReference; lastKnownFileType = text.plist.xml; path = Info.plist; sourceTree = "<group>"; };
		D66C9B7226838F170084741A /* FlixUITests.xctest */ = {isa = PBXFileReference; explicitFileType = wrapper.cfbundle; includeInIndex = 0; path = FlixUITests.xctest; sourceTree = BUILT_PRODUCTS_DIR; };
		D66C9B7626838F170084741A /* FlixUITests.m */ = {isa = PBXFileReference; lastKnownFileType = sourcecode.c.objc; path = FlixUITests.m; sourceTree = "<group>"; };
		D66C9B7826838F170084741A /* Info.plist */ = {isa = PBXFileReference; lastKnownFileType = text.plist.xml; path = Info.plist; sourceTree = "<group>"; };
/* End PBXFileReference section */

/* Begin PBXFrameworksBuildPhase section */
		D66C9B4926838F150084741A /* Frameworks */ = {
			isa = PBXFrameworksBuildPhase;
			buildActionMask = 2147483647;
			files = (
			);
			runOnlyForDeploymentPostprocessing = 0;
		};
		D66C9B6426838F170084741A /* Frameworks */ = {
			isa = PBXFrameworksBuildPhase;
			buildActionMask = 2147483647;
			files = (
			);
			runOnlyForDeploymentPostprocessing = 0;
		};
		D66C9B6F26838F170084741A /* Frameworks */ = {
			isa = PBXFrameworksBuildPhase;
			buildActionMask = 2147483647;
			files = (
			);
			runOnlyForDeploymentPostprocessing = 0;
		};
/* End PBXFrameworksBuildPhase section */

/* Begin PBXGroup section */
		D66C9B4326838F150084741A = {
			isa = PBXGroup;
			children = (
				D66C9B4E26838F150084741A /* Flix */,
				D66C9B6A26838F170084741A /* FlixTests */,
				D66C9B7526838F170084741A /* FlixUITests */,
				D66C9B4D26838F150084741A /* Products */,
			);
			sourceTree = "<group>";
		};
		D66C9B4D26838F150084741A /* Products */ = {
			isa = PBXGroup;
			children = (
				D66C9B4C26838F150084741A /* Flix.app */,
				D66C9B6726838F170084741A /* FlixTests.xctest */,
				D66C9B7226838F170084741A /* FlixUITests.xctest */,
			);
			name = Products;
			sourceTree = "<group>";
		};
		D66C9B4E26838F150084741A /* Flix */ = {
			isa = PBXGroup;
			children = (
				D66C9B4F26838F150084741A /* AppDelegate.h */,
				D66C9B5026838F150084741A /* AppDelegate.m */,
				D66C9B5226838F150084741A /* SceneDelegate.h */,
				D66C9B5326838F150084741A /* SceneDelegate.m */,
				D66C9B5526838F150084741A /* ViewController.h */,
				D66C9B5626838F150084741A /* ViewController.m */,
				D66C9B5826838F150084741A /* Main.storyboard */,
				D66C9B5B26838F160084741A /* Assets.xcassets */,
				D66C9B5D26838F160084741A /* LaunchScreen.storyboard */,
				D66C9B6026838F160084741A /* Info.plist */,
				D66C9B6126838F160084741A /* main.m */,
			);
			path = Flix;
			sourceTree = "<group>";
		};
		D66C9B6A26838F170084741A /* FlixTests */ = {
			isa = PBXGroup;
			children = (
				D66C9B6B26838F170084741A /* FlixTests.m */,
				D66C9B6D26838F170084741A /* Info.plist */,
			);
			path = FlixTests;
			sourceTree = "<group>";
		};
		D66C9B7526838F170084741A /* FlixUITests */ = {
			isa = PBXGroup;
			children = (
				D66C9B7626838F170084741A /* FlixUITests.m */,
				D66C9B7826838F170084741A /* Info.plist */,
			);
			path = FlixUITests;
			sourceTree = "<group>";
		};
/* End PBXGroup section */

/* Begin PBXNativeTarget section */
		D66C9B4B26838F150084741A /* Flix */ = {
			isa = PBXNativeTarget;
			buildConfigurationList = D66C9B7B26838F170084741A /* Build configuration list for PBXNativeTarget "Flix" */;
			buildPhases = (
				D66C9B4826838F150084741A /* Sources */,
				D66C9B4926838F150084741A /* Frameworks */,
				D66C9B4A26838F150084741A /* Resources */,
			);
			buildRules = (
			);
			dependencies = (
			);
			name = Flix;
			productName = Flix;
			productReference = D66C9B4C26838F150084741A /* Flix.app */;
			productType = "com.apple.product-type.application";
		};
		D66C9B6626838F170084741A /* FlixTests */ = {
			isa = PBXNativeTarget;
			buildConfigurationList = D66C9B7E26838F170084741A /* Build configuration list for PBXNativeTarget "FlixTests" */;
			buildPhases = (
				D66C9B6326838F170084741A /* Sources */,
				D66C9B6426838F170084741A /* Frameworks */,
				D66C9B6526838F170084741A /* Resources */,
			);
			buildRules = (
			);
			dependencies = (
				D66C9B6926838F170084741A /* PBXTargetDependency */,
			);
			name = FlixTests;
			productName = FlixTests;
			productReference = D66C9B6726838F170084741A /* FlixTests.xctest */;
			productType = "com.apple.product-type.bundle.unit-test";
		};
		D66C9B7126838F170084741A /* FlixUITests */ = {
			isa = PBXNativeTarget;
			buildConfigurationList = D66C9B8126838F170084741A /* Build configuration list for PBXNativeTarget "FlixUITests" */;
			buildPhases = (
				D66C9B6E26838F170084741A /* Sources */,
				D66C9B6F26838F170084741A /* Frameworks */,
				D66C9B7026838F170084741A /* Resources */,
			);
			buildRules = (
			);
			dependencies = (
				D66C9B7426838F170084741A /* PBXTargetDependency */,
			);
			name = FlixUITests;
			productName = FlixUITests;
			productReference = D66C9B7226838F170084741A /* FlixUITests.xctest */;
			productType = "com.apple.product-type.bundle.ui-testing";
		};
/* End PBXNativeTarget section */

/* Begin PBXProject section */
		D66C9B4426838F150084741A /* Project object */ = {
			isa = PBXProject;
			attributes = {
				LastUpgradeCheck = 1250;
				TargetAttributes = {
					D66C9B4B26838F150084741A = {
						CreatedOnToolsVersion = 12.5.1;
					};
					D66C9B6626838F170084741A = {
						CreatedOnToolsVersion = 12.5.1;
						TestTargetID = D66C9B4B26838F150084741A;
					};
					D66C9B7126838F170084741A = {
						CreatedOnToolsVersion = 12.5.1;
						TestTargetID = D66C9B4B26838F150084741A;
					};
				};
			};
			buildConfigurationList = D66C9B4726838F150084741A /* Build configuration list for PBXProject "Flix" */;
			compatibilityVersion = "Xcode 9.3";
			developmentRegion = en;
			hasScannedForEncodings = 0;
			knownRegions = (
				en,
				Base,
			);
			mainGroup = D66C9B4326838F150084741A;
			productRefGroup = D66C9B4D26838F150084741A /* Products */;
			projectDirPath = "";
			projectRoot = "";
			targets = (
				D66C9B4B26838F150084741A /* Flix */,
				D66C9B6626838F170084741A /* FlixTests */,
				D66C9B7126838F170084741A /* FlixUITests */,
			);
		};
/* End PBXProject section */

/* Begin PBXResourcesBuildPhase section */
		D66C9B4A26838F150084741A /* Resources */ = {
			isa = PBXResourcesBuildPhase;
			buildActionMask = 2147483647;
			files = (
				D66C9B5F26838F160084741A /* LaunchScreen.storyboard in Resources */,
				D66C9B5C26838F160084741A /* Assets.xcassets in Resources */,
				D66C9B5A26838F150084741A /* Main.storyboard in Resources */,
			);
			runOnlyForDeploymentPostprocessing = 0;
		};
		D66C9B6526838F170084741A /* Resources */ = {
			isa = PBXResourcesBuildPhase;
			buildActionMask = 2147483647;
			files = (
			);
			runOnlyForDeploymentPostprocessing = 0;
		};
		D66C9B7026838F170084741A /* Resources */ = {
			isa = PBXResourcesBuildPhase;
			buildActionMask = 2147483647;
			files = (
			);
			runOnlyForDeploymentPostprocessing = 0;
		};
/* End PBXResourcesBuildPhase section */

/* Begin PBXSourcesBuildPhase section */
		D66C9B4826838F150084741A /* Sources */ = {
			isa = PBXSourcesBuildPhase;
			buildActionMask = 2147483647;
			files = (
				D66C9B5726838F150084741A /* ViewController.m in Sources */,
				D66C9B5126838F150084741A /* AppDelegate.m in Sources */,
				D66C9B6226838F160084741A /* main.m in Sources */,
				D66C9B5426838F150084741A /* SceneDelegate.m in Sources */,
			);
			runOnlyForDeploymentPostprocessing = 0;
		};
		D66C9B6326838F170084741A /* Sources */ = {
			isa = PBXSourcesBuildPhase;
			buildActionMask = 2147483647;
			files = (
				D66C9B6C26838F170084741A /* FlixTests.m in Sources */,
			);
			runOnlyForDeploymentPostprocessing = 0;
		};
		D66C9B6E26838F170084741A /* Sources */ = {
			isa = PBXSourcesBuildPhase;
			buildActionMask = 2147483647;
			files = (
				D66C9B7726838F170084741A /* FlixUITests.m in Sources */,
			);
			runOnlyForDeploymentPostprocessing = 0;
		};
/* End PBXSourcesBuildPhase section */

/* Begin PBXTargetDependency section */
		D66C9B6926838F170084741A /* PBXTargetDependency */ = {
			isa = PBXTargetDependency;
			target = D66C9B4B26838F150084741A /* Flix */;
			targetProxy = D66C9B6826838F170084741A /* PBXContainerItemProxy */;
		};
		D66C9B7426838F170084741A /* PBXTargetDependency */ = {
			isa = PBXTargetDependency;
			target = D66C9B4B26838F150084741A /* Flix */;
			targetProxy = D66C9B7326838F170084741A /* PBXContainerItemProxy */;
		};
/* End PBXTargetDependency section */

/* Begin PBXVariantGroup section */
		D66C9B5826838F150084741A /* Main.storyboard */ = {
			isa = PBXVariantGroup;
			children = (
				D66C9B5926838F150084741A /* Base */,
			);
			name = Main.storyboard;
			sourceTree = "<group>";
		};
		D66C9B5D26838F160084741A /* LaunchScreen.storyboard */ = {
			isa = PBXVariantGroup;
			children = (
				D66C9B5E26838F160084741A /* Base */,
			);
			name = LaunchScreen.storyboard;
			sourceTree = "<group>";
		};
/* End PBXVariantGroup section */

/* Begin XCBuildConfiguration section */
		D66C9B7926838F170084741A /* Debug */ = {
			isa = XCBuildConfiguration;
			buildSettings = {
				ALWAYS_SEARCH_USER_PATHS = NO;
				CLANG_ANALYZER_NONNULL = YES;
				CLANG_ANALYZER_NUMBER_OBJECT_CONVERSION = YES_AGGRESSIVE;
				CLANG_CXX_LANGUAGE_STANDARD = "gnu++14";
				CLANG_CXX_LIBRARY = "libc++";
				CLANG_ENABLE_MODULES = YES;
				CLANG_ENABLE_OBJC_ARC = YES;
				CLANG_ENABLE_OBJC_WEAK = YES;
				CLANG_WARN_BLOCK_CAPTURE_AUTORELEASING = YES;
				CLANG_WARN_BOOL_CONVERSION = YES;
				CLANG_WARN_COMMA = YES;
				CLANG_WARN_CONSTANT_CONVERSION = YES;
				CLANG_WARN_DEPRECATED_OBJC_IMPLEMENTATIONS = YES;
				CLANG_WARN_DIRECT_OBJC_ISA_USAGE = YES_ERROR;
				CLANG_WARN_DOCUMENTATION_COMMENTS = YES;
				CLANG_WARN_EMPTY_BODY = YES;
				CLANG_WARN_ENUM_CONVERSION = YES;
				CLANG_WARN_INFINITE_RECURSION = YES;
				CLANG_WARN_INT_CONVERSION = YES;
				CLANG_WARN_NON_LITERAL_NULL_CONVERSION = YES;
				CLANG_WARN_OBJC_IMPLICIT_RETAIN_SELF = YES;
				CLANG_WARN_OBJC_LITERAL_CONVERSION = YES;
				CLANG_WARN_OBJC_ROOT_CLASS = YES_ERROR;
				CLANG_WARN_QUOTED_INCLUDE_IN_FRAMEWORK_HEADER = YES;
				CLANG_WARN_RANGE_LOOP_ANALYSIS = YES;
				CLANG_WARN_STRICT_PROTOTYPES = YES;
				CLANG_WARN_SUSPICIOUS_MOVE = YES;
				CLANG_WARN_UNGUARDED_AVAILABILITY = YES_AGGRESSIVE;
				CLANG_WARN_UNREACHABLE_CODE = YES;
				CLANG_WARN__DUPLICATE_METHOD_MATCH = YES;
				COPY_PHASE_STRIP = NO;
				DEBUG_INFORMATION_FORMAT = dwarf;
				ENABLE_STRICT_OBJC_MSGSEND = YES;
				ENABLE_TESTABILITY = YES;
				GCC_C_LANGUAGE_STANDARD = gnu11;
				GCC_DYNAMIC_NO_PIC = NO;
				GCC_NO_COMMON_BLOCKS = YES;
				GCC_OPTIMIZATION_LEVEL = 0;
				GCC_PREPROCESSOR_DEFINITIONS = (
					"DEBUG=1",
					"$(inherited)",
				);
				GCC_WARN_64_TO_32_BIT_CONVERSION = YES;
				GCC_WARN_ABOUT_RETURN_TYPE = YES_ERROR;
				GCC_WARN_UNDECLARED_SELECTOR = YES;
				GCC_WARN_UNINITIALIZED_AUTOS = YES_AGGRESSIVE;
				GCC_WARN_UNUSED_FUNCTION = YES;
				GCC_WARN_UNUSED_VARIABLE = YES;
				IPHONEOS_DEPLOYMENT_TARGET = 14.5;
				MTL_ENABLE_DEBUG_INFO = INCLUDE_SOURCE;
				MTL_FAST_MATH = YES;
				ONLY_ACTIVE_ARCH = YES;
				SDKROOT = iphoneos;
			};
			name = Debug;
		};
		D66C9B7A26838F170084741A /* Release */ = {
			isa = XCBuildConfiguration;
			buildSettings = {
				ALWAYS_SEARCH_USER_PATHS = NO;
				CLANG_ANALYZER_NONNULL = YES;
				CLANG_ANALYZER_NUMBER_OBJECT_CONVERSION = YES_AGGRESSIVE;
				CLANG_CXX_LANGUAGE_STANDARD = "gnu++14";
				CLANG_CXX_LIBRARY = "libc++";
				CLANG_ENABLE_MODULES = YES;
				CLANG_ENABLE_OBJC_ARC = YES;
				CLANG_ENABLE_OBJC_WEAK = YES;
				CLANG_WARN_BLOCK_CAPTURE_AUTORELEASING = YES;
				CLANG_WARN_BOOL_CONVERSION = YES;
				CLANG_WARN_COMMA = YES;
				CLANG_WARN_CONSTANT_CONVERSION = YES;
				CLANG_WARN_DEPRECATED_OBJC_IMPLEMENTATIONS = YES;
				CLANG_WARN_DIRECT_OBJC_ISA_USAGE = YES_ERROR;
				CLANG_WARN_DOCUMENTATION_COMMENTS = YES;
				CLANG_WARN_EMPTY_BODY = YES;
				CLANG_WARN_ENUM_CONVERSION = YES;
				CLANG_WARN_INFINITE_RECURSION = YES;
				CLANG_WARN_INT_CONVERSION = YES;
				CLANG_WARN_NON_LITERAL_NULL_CONVERSION = YES;
				CLANG_WARN_OBJC_IMPLICIT_RETAIN_SELF = YES;
				CLANG_WARN_OBJC_LITERAL_CONVERSION = YES;
				CLANG_WARN_OBJC_ROOT_CLASS = YES_ERROR;
				CLANG_WARN_QUOTED_INCLUDE_IN_FRAMEWORK_HEADER = YES;
				CLANG_WARN_RANGE_LOOP_ANALYSIS = YES;
				CLANG_WARN_STRICT_PROTOTYPES = YES;
				CLANG_WARN_SUSPICIOUS_MOVE = YES;
				CLANG_WARN_UNGUARDED_AVAILABILITY = YES_AGGRESSIVE;
				CLANG_WARN_UNREACHABLE_CODE = YES;
				CLANG_WARN__DUPLICATE_METHOD_MATCH = YES;
				COPY_PHASE_STRIP = NO;
				DEBUG_INFORMATION_FORMAT = "dwarf-with-dsym";
				ENABLE_NS_ASSERTIONS = NO;
				ENABLE_STRICT_OBJC_MSGSEND = YES;
				GCC_C_LANGUAGE_STANDARD = gnu11;
				GCC_NO_COMMON_BLOCKS = YES;
				GCC_WARN_64_TO_32_BIT_CONVERSION = YES;
				GCC_WARN_ABOUT_RETURN_TYPE = YES_ERROR;
				GCC_WARN_UNDECLARED_SELECTOR = YES;
				GCC_WARN_UNINITIALIZED_AUTOS = YES_AGGRESSIVE;
				GCC_WARN_UNUSED_FUNCTION = YES;
				GCC_WARN_UNUSED_VARIABLE = YES;
				IPHONEOS_DEPLOYMENT_TARGET = 14.5;
				MTL_ENABLE_DEBUG_INFO = NO;
				MTL_FAST_MATH = YES;
				SDKROOT = iphoneos;
				VALIDATE_PRODUCT = YES;
			};
			name = Release;
		};
		D66C9B7C26838F170084741A /* Debug */ = {
			isa = XCBuildConfiguration;
			buildSettings = {
				ASSETCATALOG_COMPILER_APPICON_NAME = AppIcon;
				ASSETCATALOG_COMPILER_GLOBAL_ACCENT_COLOR_NAME = AccentColor;
				CODE_SIGN_STYLE = Automatic;
				DEVELOPMENT_TEAM = 7586L3P553;
				INFOPLIST_FILE = Flix/Info.plist;
				LD_RUNPATH_SEARCH_PATHS = (
					"$(inherited)",
					"@executable_path/Frameworks",
				);
				PRODUCT_BUNDLE_IDENTIFIER = com.harleen.Flix;
				PRODUCT_NAME = "$(TARGET_NAME)";
				TARGETED_DEVICE_FAMILY = "1,2";
			};
			name = Debug;
		};
		D66C9B7D26838F170084741A /* Release */ = {
			isa = XCBuildConfiguration;
			buildSettings = {
				ASSETCATALOG_COMPILER_APPICON_NAME = AppIcon;
				ASSETCATALOG_COMPILER_GLOBAL_ACCENT_COLOR_NAME = AccentColor;
				CODE_SIGN_STYLE = Automatic;
				DEVELOPMENT_TEAM = 7586L3P553;
				INFOPLIST_FILE = Flix/Info.plist;
				LD_RUNPATH_SEARCH_PATHS = (
					"$(inherited)",
					"@executable_path/Frameworks",
				);
				PRODUCT_BUNDLE_IDENTIFIER = com.harleen.Flix;
				PRODUCT_NAME = "$(TARGET_NAME)";
				TARGETED_DEVICE_FAMILY = "1,2";
			};
			name = Release;
		};
		D66C9B7F26838F170084741A /* Debug */ = {
			isa = XCBuildConfiguration;
			buildSettings = {
				BUNDLE_LOADER = "$(TEST_HOST)";
				CODE_SIGN_STYLE = Automatic;
				DEVELOPMENT_TEAM = 7586L3P553;
				INFOPLIST_FILE = FlixTests/Info.plist;
				IPHONEOS_DEPLOYMENT_TARGET = 14.5;
				LD_RUNPATH_SEARCH_PATHS = (
					"$(inherited)",
					"@executable_path/Frameworks",
					"@loader_path/Frameworks",
				);
				PRODUCT_BUNDLE_IDENTIFIER = com.harleen.FlixTests;
				PRODUCT_NAME = "$(TARGET_NAME)";
				TARGETED_DEVICE_FAMILY = "1,2";
				TEST_HOST = "$(BUILT_PRODUCTS_DIR)/Flix.app/Flix";
			};
			name = Debug;
		};
		D66C9B8026838F170084741A /* Release */ = {
			isa = XCBuildConfiguration;
			buildSettings = {
				BUNDLE_LOADER = "$(TEST_HOST)";
				CODE_SIGN_STYLE = Automatic;
				DEVELOPMENT_TEAM = 7586L3P553;
				INFOPLIST_FILE = FlixTests/Info.plist;
				IPHONEOS_DEPLOYMENT_TARGET = 14.5;
				LD_RUNPATH_SEARCH_PATHS = (
					"$(inherited)",
					"@executable_path/Frameworks",
					"@loader_path/Frameworks",
				);
				PRODUCT_BUNDLE_IDENTIFIER = com.harleen.FlixTests;
				PRODUCT_NAME = "$(TARGET_NAME)";
				TARGETED_DEVICE_FAMILY = "1,2";
				TEST_HOST = "$(BUILT_PRODUCTS_DIR)/Flix.app/Flix";
			};
			name = Release;
		};
		D66C9B8226838F170084741A /* Debug */ = {
			isa = XCBuildConfiguration;
			buildSettings = {
				CODE_SIGN_STYLE = Automatic;
				DEVELOPMENT_TEAM = 7586L3P553;
				INFOPLIST_FILE = FlixUITests/Info.plist;
				LD_RUNPATH_SEARCH_PATHS = (
					"$(inherited)",
					"@executable_path/Frameworks",
					"@loader_path/Frameworks",
				);
				PRODUCT_BUNDLE_IDENTIFIER = com.harleen.FlixUITests;
				PRODUCT_NAME = "$(TARGET_NAME)";
				TARGETED_DEVICE_FAMILY = "1,2";
				TEST_TARGET_NAME = Flix;
			};
			name = Debug;
		};
		D66C9B8326838F170084741A /* Release */ = {
			isa = XCBuildConfiguration;
			buildSettings = {
				CODE_SIGN_STYLE = Automatic;
				DEVELOPMENT_TEAM = 7586L3P553;
				INFOPLIST_FILE = FlixUITests/Info.plist;
				LD_RUNPATH_SEARCH_PATHS = (
					"$(inherited)",
					"@executable_path/Frameworks",
					"@loader_path/Frameworks",
				);
				PRODUCT_BUNDLE_IDENTIFIER = com.harleen.FlixUITests;
				PRODUCT_NAME = "$(TARGET_NAME)";
				TARGETED_DEVICE_FAMILY = "1,2";
				TEST_TARGET_NAME = Flix;
			};
			name = Release;
		};
/* End XCBuildConfiguration section */

/* Begin XCConfigurationList section */
		D66C9B4726838F150084741A /* Build configuration list for PBXProject "Flix" */ = {
			isa = XCConfigurationList;
			buildConfigurations = (
				D66C9B7926838F170084741A /* Debug */,
				D66C9B7A26838F170084741A /* Release */,
			);
			defaultConfigurationIsVisible = 0;
			defaultConfigurationName = Release;
		};
		D66C9B7B26838F170084741A /* Build configuration list for PBXNativeTarget "Flix" */ = {
			isa = XCConfigurationList;
			buildConfigurations = (
				D66C9B7C26838F170084741A /* Debug */,
				D66C9B7D26838F170084741A /* Release */,
			);
			defaultConfigurationIsVisible = 0;
			defaultConfigurationName = Release;
		};
		D66C9B7E26838F170084741A /* Build configuration list for PBXNativeTarget "FlixTests" */ = {
			isa = XCConfigurationList;
			buildConfigurations = (
				D66C9B7F26838F170084741A /* Debug */,
				D66C9B8026838F170084741A /* Release */,
			);
			defaultConfigurationIsVisible = 0;
			defaultConfigurationName = Release;
		};
		D66C9B8126838F170084741A /* Build configuration list for PBXNativeTarget "FlixUITests" */ = {
			isa = XCConfigurationList;
			buildConfigurations = (
				D66C9B8226838F170084741A /* Debug */,
				D66C9B8326838F170084741A /* Release */,
			);
			defaultConfigurationIsVisible = 0;
			defaultConfigurationName = Release;
		};
/* End XCConfigurationList section */
	};
	rootObject = D66C9B4426838F150084741A /* Project object */;
}
